
Microsoft Visual Studio Solution File, Format Version 12.00
# Visual Studio 15
Project("{FAE04EC0-301F-11D3-BF4B-00C04F79EFBC}") = "Kwon.Kakao.Sdk.Util.Droid", "Kwon.Kakao.Sdk.Util.Droid\Kwon.Kakao.Sdk.Util.Droid.csproj", "{0A708488-CF6D-42DD-BC1D-6A0168478119}"
EndProject
Project("{FAE04EC0-301F-11D3-BF4B-00C04F79EFBC}") = "Kwon.Kakao.Sdk.Common.Droid", "Kwon.Kakao.Sdk.Common.Droid\Kwon.Kakao.Sdk.Common.Droid.csproj", "{4BD0CD80-5D81-4826-BCAD-417414492B78}"
EndProject
Project("{FAE04EC0-301F-11D3-BF4B-00C04F79EFBC}") = "Kwon.Kakao.Sdk.Network.Droid", "Kwon.Kakao.Sdk.Network.Droid\Kwon.Kakao.Sdk.Network.Droid.csproj", "{F9D34547-23EA-447C-8E32-682C1C439E16}"
EndProject
Project("{FAE04EC0-301F-11D3-BF4B-00C04F79EFBC}") = "Kwon.Kakao.Sdk.Auth.Droid", "Kwon.Kakao.Sdk.Auth.Droid\Kwon.Kakao.Sdk.Auth.Droid.csproj", "{A4B9F6C5-231D-454B-B87A-DBD861E05321}"
EndProject
Project("{FAE04EC0-301F-11D3-BF4B-00C04F79EFBC}") = "Kwon.Kakao.Sdk.Usermgmt.Droid", "Kwon.Kakao.Sdk.Usermgmt.Droid\Kwon.Kakao.Sdk.Usermgmt.Droid.csproj", "{A4C74B5D-68BD-4640-AB61-E3D82AAA8B99}"
EndProject
Project("{FAE04EC0-301F-11D3-BF4B-00C04F79EFBC}") = "Kwon.Kakao.Open.Droid.Sdk.Sample", "Kwon.Kakao.Open.Droid.Sdk.Sample\Kwon.Kakao.Open.Droid.Sdk.Sample.csproj", "{0672C231-4636-49F9-A687-BB7B532033A7}"
EndProject
Global
	GlobalSection(SolutionConfigurationPlatforms) = preSolution
		Debug|Any CPU = Debug|Any CPU
		Release|Any CPU = Release|Any CPU
	EndGlobalSection
	GlobalSection(ProjectConfigurationPlatforms) = postSolution
		{0A708488-CF6D-42DD-BC1D-6A0168478119}.Debug|Any CPU.ActiveCfg = Debug|Any CPU
		{0A708488-CF6D-42DD-BC1D-6A0168478119}.Debug|Any CPU.Build.0 = Debug|Any CPU
		{0A708488-CF6D-42DD-BC1D-6A0168478119}.Release|Any CPU.ActiveCfg = Release|Any CPU
		{0A708488-CF6D-42DD-BC1D-6A0168478119}.Release|Any CPU.Build.0 = Release|Any CPU
		{4BD0CD80-5D81-4826-BCAD-417414492B78}.Debug|Any CPU.ActiveCfg = Debug|Any CPU
		{4BD0CD80-5D81-4826-BCAD-417414492B78}.Debug|Any CPU.Build.0 = Debug|Any CPU
		{4BD0CD80-5D81-4826-BCAD-417414492B78}.Release|Any CPU.ActiveCfg = Release|Any CPU
		{4BD0CD80-5D81-4826-BCAD-417414492B78}.Release|Any CPU.Build.0 = Release|Any CPU
		{F9D34547-23EA-447C-8E32-682C1C439E16}.Debug|Any CPU.ActiveCfg = Debug|Any CPU
		{F9D34547-23EA-447C-8E32-682C1C439E16}.Debug|Any CPU.Build.0 = Debug|Any CPU
		{F9D34547-23EA-447C-8E32-682C1C439E16}.Release|Any CPU.ActiveCfg = Release|Any CPU
		{F9D34547-23EA-447C-8E32-682C1C439E16}.Release|Any CPU.Build.0 = Release|Any CPU
		{A4B9F6C5-231D-454B-B87A-DBD861E05321}.Debug|Any CPU.ActiveCfg = Debug|Any CPU
		{A4B9F6C5-231D-454B-B87A-DBD861E05321}.Debug|Any CPU.Build.0 = Debug|Any CPU
		{A4B9F6C5-231D-454B-B87A-DBD861E05321}.Release|Any CPU.ActiveCfg = Release|Any CPU
		{A4B9F6C5-231D-454B-B87A-DBD861E05321}.Release|Any CPU.Build.0 = Release|Any CPU
		{A4C74B5D-68BD-4640-AB61-E3D82AAA8B99}.Debug|Any CPU.ActiveCfg = Debug|Any CPU
		{A4C74B5D-68BD-4640-AB61-E3D82AAA8B99}.Debug|Any CPU.Build.0 = Debug|Any CPU
		{A4C74B5D-68BD-4640-AB61-E3D82AAA8B99}.Release|Any CPU.ActiveCfg = Release|Any CPU
		{A4C74B5D-68BD-4640-AB61-E3D82AAA8B99}.Release|Any CPU.Build.0 = Release|Any CPU
		{0672C231-4636-49F9-A687-BB7B532033A7}.Debug|Any CPU.ActiveCfg = Debug|Any CPU
		{0672C231-4636-49F9-A687-BB7B532033A7}.Debug|Any CPU.Build.0 = Debug|Any CPU
		{0672C231-4636-49F9-A687-BB7B532033A7}.Release|Any CPU.ActiveCfg = Release|Any CPU
		{0672C231-4636-49F9-A687-BB7B532033A7}.Release|Any CPU.Build.0 = Release|Any CPU
	EndGlobalSection
EndGlobal
